// !$*UTF8*$!
{
	archiveVersion = 1;
	classes = {
	};
	objectVersion = 56;
	objects = {

/* Begin PBXBuildFile section */
		845B0A3D2AB48B1000960747 /* GradientButtonStyle.swift in Sources */ = {isa = PBXBuildFile; fileRef = 845B0A3C2AB48B1000960747 /* GradientButtonStyle.swift */; };
		845B0A3F2AB98A6300960747 /* CustomCircleView.swift in Sources */ = {isa = PBXBuildFile; fileRef = 845B0A3E2AB98A6300960747 /* CustomCircleView.swift */; };
		845B0A412AB98E6C00960747 /* MotionAnimationView.swift in Sources */ = {isa = PBXBuildFile; fileRef = 845B0A402AB98E6C00960747 /* MotionAnimationView.swift */; };
		845D52BF2A9CCA26003C5963 /* HikeApp.swift in Sources */ = {isa = PBXBuildFile; fileRef = 845D52BE2A9CCA26003C5963 /* HikeApp.swift */; };
		845D52C12A9CCA26003C5963 /* ContentView.swift in Sources */ = {isa = PBXBuildFile; fileRef = 845D52C02A9CCA26003C5963 /* ContentView.swift */; };
		845D52C32A9CCA27003C5963 /* Assets.xcassets in Resources */ = {isa = PBXBuildFile; fileRef = 845D52C22A9CCA27003C5963 /* Assets.xcassets */; };
		845D52C62A9CCA27003C5963 /* Preview Assets.xcassets in Resources */ = {isa = PBXBuildFile; fileRef = 845D52C52A9CCA27003C5963 /* Preview Assets.xcassets */; };
		845D52CD2A9CCD04003C5963 /* CardView.swift in Sources */ = {isa = PBXBuildFile; fileRef = 845D52CC2A9CCD04003C5963 /* CardView.swift */; };
		845D52D02A9CD2BC003C5963 /* CustomBackgroundView.swift in Sources */ = {isa = PBXBuildFile; fileRef = 845D52CF2A9CD2BC003C5963 /* CustomBackgroundView.swift */; };
		845D52D32A9CD8CD003C5963 /* ColorExtension.swift in Sources */ = {isa = PBXBuildFile; fileRef = 845D52D22A9CD8CD003C5963 /* ColorExtension.swift */; };
		845D52D52AA4FFCF003C5963 /* CustomButtonView.swift in Sources */ = {isa = PBXBuildFile; fileRef = 845D52D42AA4FFCF003C5963 /* CustomButtonView.swift */; };
		848D613D2AC466D700CC91E7 /* SettingsView.swift in Sources */ = {isa = PBXBuildFile; fileRef = 848D613C2AC466D700CC91E7 /* SettingsView.swift */; };
		84D2922A2ACAACAC006DADE5 /* CustomListRowView.swift in Sources */ = {isa = PBXBuildFile; fileRef = 84D292292ACAACAC006DADE5 /* CustomListRowView.swift */; };
/* End PBXBuildFile section */

/* Begin PBXFileReference section */
		845B0A3C2AB48B1000960747 /* GradientButtonStyle.swift */ = {isa = PBXFileReference; lastKnownFileType = sourcecode.swift; path = GradientButtonStyle.swift; sourceTree = "<group>"; };
		845B0A3E2AB98A6300960747 /* CustomCircleView.swift */ = {isa = PBXFileReference; lastKnownFileType = sourcecode.swift; path = CustomCircleView.swift; sourceTree = "<group>"; };
		845B0A402AB98E6C00960747 /* MotionAnimationView.swift */ = {isa = PBXFileReference; lastKnownFileType = sourcecode.swift; path = MotionAnimationView.swift; sourceTree = "<group>"; };
		845D52BB2A9CCA26003C5963 /* Hike.app */ = {isa = PBXFileReference; explicitFileType = wrapper.application; includeInIndex = 0; path = Hike.app; sourceTree = BUILT_PRODUCTS_DIR; };
		845D52BE2A9CCA26003C5963 /* HikeApp.swift */ = {isa = PBXFileReference; lastKnownFileType = sourcecode.swift; path = HikeApp.swift; sourceTree = "<group>"; };
		845D52C02A9CCA26003C5963 /* ContentView.swift */ = {isa = PBXFileReference; lastKnownFileType = sourcecode.swift; path = ContentView.swift; sourceTree = "<group>"; };
		845D52C22A9CCA27003C5963 /* Assets.xcassets */ = {isa = PBXFileReference; lastKnownFileType = folder.assetcatalog; path = Assets.xcassets; sourceTree = "<group>"; };
		845D52C52A9CCA27003C5963 /* Preview Assets.xcassets */ = {isa = PBXFileReference; lastKnownFileType = folder.assetcatalog; path = "Preview Assets.xcassets"; sourceTree = "<group>"; };
		845D52CC2A9CCD04003C5963 /* CardView.swift */ = {isa = PBXFileReference; lastKnownFileType = sourcecode.swift; path = CardView.swift; sourceTree = "<group>"; };
		845D52CF2A9CD2BC003C5963 /* CustomBackgroundView.swift */ = {isa = PBXFileReference; lastKnownFileType = sourcecode.swift; path = CustomBackgroundView.swift; sourceTree = "<group>"; };
		845D52D22A9CD8CD003C5963 /* ColorExtension.swift */ = {isa = PBXFileReference; lastKnownFileType = sourcecode.swift; path = ColorExtension.swift; sourceTree = "<group>"; };
		845D52D42AA4FFCF003C5963 /* CustomButtonView.swift */ = {isa = PBXFileReference; lastKnownFileType = sourcecode.swift; path = CustomButtonView.swift; sourceTree = "<group>"; };
		848D613C2AC466D700CC91E7 /* SettingsView.swift */ = {isa = PBXFileReference; lastKnownFileType = sourcecode.swift; path = SettingsView.swift; sourceTree = "<group>"; };
		84D292292ACAACAC006DADE5 /* CustomListRowView.swift */ = {isa = PBXFileReference; lastKnownFileType = sourcecode.swift; path = CustomListRowView.swift; sourceTree = "<group>"; };
/* End PBXFileReference section */

/* Begin PBXFrameworksBuildPhase section */
		845D52B82A9CCA26003C5963 /* Frameworks */ = {
			isa = PBXFrameworksBuildPhase;
			buildActionMask = 2147483647;
			files = (
			);
			runOnlyForDeploymentPostprocessing = 0;
		};
/* End PBXFrameworksBuildPhase section */

/* Begin PBXGroup section */
		845D52B22A9CCA26003C5963 = {
			isa = PBXGroup;
			children = (
				845D52BD2A9CCA26003C5963 /* Hike */,
				845D52BC2A9CCA26003C5963 /* Products */,
			);
			sourceTree = "<group>";
		};
		845D52BC2A9CCA26003C5963 /* Products */ = {
			isa = PBXGroup;
			children = (
				845D52BB2A9CCA26003C5963 /* Hike.app */,
			);
			name = Products;
			sourceTree = "<group>";
		};
		845D52BD2A9CCA26003C5963 /* Hike */ = {
			isa = PBXGroup;
			children = (
				845D52D12A9CD8A0003C5963 /* Utility */,
				845D52BE2A9CCA26003C5963 /* HikeApp.swift */,
				848D613B2AC4662E00CC91E7 /* Screen */,
				845D52C22A9CCA27003C5963 /* Assets.xcassets */,
				845D52C42A9CCA27003C5963 /* Preview Content */,
				845D52CE2A9CD261003C5963 /* Component */,
			);
			path = Hike;
			sourceTree = "<group>";
		};
		845D52C42A9CCA27003C5963 /* Preview Content */ = {
			isa = PBXGroup;
			children = (
				845D52C52A9CCA27003C5963 /* Preview Assets.xcassets */,
			);
			path = "Preview Content";
			sourceTree = "<group>";
		};
		845D52CE2A9CD261003C5963 /* Component */ = {
			isa = PBXGroup;
			children = (
				845D52CC2A9CCD04003C5963 /* CardView.swift */,
				845D52CF2A9CD2BC003C5963 /* CustomBackgroundView.swift */,
				845D52D42AA4FFCF003C5963 /* CustomButtonView.swift */,
				845B0A3E2AB98A6300960747 /* CustomCircleView.swift */,
				845B0A402AB98E6C00960747 /* MotionAnimationView.swift */,
				84D292292ACAACAC006DADE5 /* CustomListRowView.swift */,
			);
			path = Component;
			sourceTree = "<group>";
		};
		845D52D12A9CD8A0003C5963 /* Utility */ = {
			isa = PBXGroup;
			children = (
				845D52D22A9CD8CD003C5963 /* ColorExtension.swift */,
				845B0A3C2AB48B1000960747 /* GradientButtonStyle.swift */,
			);
			path = Utility;
			sourceTree = "<group>";
		};
		848D613B2AC4662E00CC91E7 /* Screen */ = {
			isa = PBXGroup;
			children = (
				845D52C02A9CCA26003C5963 /* ContentView.swift */,
				848D613C2AC466D700CC91E7 /* SettingsView.swift */,
			);
			path = Screen;
			sourceTree = "<group>";
		};
/* End PBXGroup section */

/* Begin PBXNativeTarget section */
		845D52BA2A9CCA26003C5963 /* Hike */ = {
			isa = PBXNativeTarget;
			buildConfigurationList = 845D52C92A9CCA27003C5963 /* Build configuration list for PBXNativeTarget "Hike" */;
			buildPhases = (
				845D52B72A9CCA26003C5963 /* Sources */,
				845D52B82A9CCA26003C5963 /* Frameworks */,
				845D52B92A9CCA26003C5963 /* Resources */,
			);
			buildRules = (
			);
			dependencies = (
			);
			name = Hike;
			productName = Hike;
			productReference = 845D52BB2A9CCA26003C5963 /* Hike.app */;
			productType = "com.apple.product-type.application";
		};
/* End PBXNativeTarget section */

/* Begin PBXProject section */
		845D52B32A9CCA26003C5963 /* Project object */ = {
			isa = PBXProject;
			attributes = {
				BuildIndependentTargetsInParallel = 1;
				LastSwiftUpdateCheck = 1430;
				LastUpgradeCheck = 1430;
				TargetAttributes = {
					845D52BA2A9CCA26003C5963 = {
						CreatedOnToolsVersion = 14.3.1;
					};
				};
			};
			buildConfigurationList = 845D52B62A9CCA26003C5963 /* Build configuration list for PBXProject "Hike" */;
			compatibilityVersion = "Xcode 14.0";
			developmentRegion = en;
			hasScannedForEncodings = 0;
			knownRegions = (
				en,
				Base,
			);
			mainGroup = 845D52B22A9CCA26003C5963;
			productRefGroup = 845D52BC2A9CCA26003C5963 /* Products */;
			projectDirPath = "";
			projectRoot = "";
			targets = (
				845D52BA2A9CCA26003C5963 /* Hike */,
			);
		};
/* End PBXProject section */

/* Begin PBXResourcesBuildPhase section */
		845D52B92A9CCA26003C5963 /* Resources */ = {
			isa = PBXResourcesBuildPhase;
			buildActionMask = 2147483647;
			files = (
				845D52C62A9CCA27003C5963 /* Preview Assets.xcassets in Resources */,
				845D52C32A9CCA27003C5963 /* Assets.xcassets in Resources */,
			);
			runOnlyForDeploymentPostprocessing = 0;
		};
/* End PBXResourcesBuildPhase section */

/* Begin PBXSourcesBuildPhase section */
		845D52B72A9CCA26003C5963 /* Sources */ = {
			isa = PBXSourcesBuildPhase;
			buildActionMask = 2147483647;
			files = (
				845D52C12A9CCA26003C5963 /* ContentView.swift in Sources */,
				845B0A3F2AB98A6300960747 /* CustomCircleView.swift in Sources */,
				84D2922A2ACAACAC006DADE5 /* CustomListRowView.swift in Sources */,
				845D52CD2A9CCD04003C5963 /* CardView.swift in Sources */,
				845D52BF2A9CCA26003C5963 /* HikeApp.swift in Sources */,
				845D52D52AA4FFCF003C5963 /* CustomButtonView.swift in Sources */,
				848D613D2AC466D700CC91E7 /* SettingsView.swift in Sources */,
				845B0A3D2AB48B1000960747 /* GradientButtonStyle.swift in Sources */,
				845B0A412AB98E6C00960747 /* MotionAnimationView.swift in Sources */,
				845D52D02A9CD2BC003C5963 /* CustomBackgroundView.swift in Sources */,
				845D52D32A9CD8CD003C5963 /* ColorExtension.swift in Sources */,
			);
			runOnlyForDeploymentPostprocessing = 0;
		};
/* End PBXSourcesBuildPhase section */

/* Begin XCBuildConfiguration section */
		845D52C72A9CCA27003C5963 /* Debug */ = {
			isa = XCBuildConfiguration;
			buildSettings = {
				ALWAYS_SEARCH_USER_PATHS = NO;
				CLANG_ANALYZER_NONNULL = YES;
				CLANG_ANALYZER_NUMBER_OBJECT_CONVERSION = YES_AGGRESSIVE;
				CLANG_CXX_LANGUAGE_STANDARD = "gnu++20";
				CLANG_ENABLE_MODULES = YES;
				CLANG_ENABLE_OBJC_ARC = YES;
				CLANG_ENABLE_OBJC_WEAK = YES;
				CLANG_WARN_BLOCK_CAPTURE_AUTORELEASING = YES;
				CLANG_WARN_BOOL_CONVERSION = YES;
				CLANG_WARN_COMMA = YES;
				CLANG_WARN_CONSTANT_CONVERSION = YES;
				CLANG_WARN_DEPRECATED_OBJC_IMPLEMENTATIONS = YES;
				CLANG_WARN_DIRECT_OBJC_ISA_USAGE = YES_ERROR;
				CLANG_WARN_DOCUMENTATION_COMMENTS = YES;
				CLANG_WARN_EMPTY_BODY = YES;
				CLANG_WARN_ENUM_CONVERSION = YES;
				CLANG_WARN_INFINITE_RECURSION = YES;
				CLANG_WARN_INT_CONVERSION = YES;
				CLANG_WARN_NON_LITERAL_NULL_CONVERSION = YES;
				CLANG_WARN_OBJC_IMPLICIT_RETAIN_SELF = YES;
				CLANG_WARN_OBJC_LITERAL_CONVERSION = YES;
				CLANG_WARN_OBJC_ROOT_CLASS = YES_ERROR;
				CLANG_WARN_QUOTED_INCLUDE_IN_FRAMEWORK_HEADER = YES;
				CLANG_WARN_RANGE_LOOP_ANALYSIS = YES;
				CLANG_WARN_STRICT_PROTOTYPES = YES;
				CLANG_WARN_SUSPICIOUS_MOVE = YES;
				CLANG_WARN_UNGUARDED_AVAILABILITY = YES_AGGRESSIVE;
				CLANG_WARN_UNREACHABLE_CODE = YES;
				CLANG_WARN__DUPLICATE_METHOD_MATCH = YES;
				COPY_PHASE_STRIP = NO;
				DEBUG_INFORMATION_FORMAT = dwarf;
				ENABLE_STRICT_OBJC_MSGSEND = YES;
				ENABLE_TESTABILITY = YES;
				GCC_C_LANGUAGE_STANDARD = gnu11;
				GCC_DYNAMIC_NO_PIC = NO;
				GCC_NO_COMMON_BLOCKS = YES;
				GCC_OPTIMIZATION_LEVEL = 0;
				GCC_PREPROCESSOR_DEFINITIONS = (
					"DEBUG=1",
					"$(inherited)",
				);
				GCC_WARN_64_TO_32_BIT_CONVERSION = YES;
				GCC_WARN_ABOUT_RETURN_TYPE = YES_ERROR;
				GCC_WARN_UNDECLARED_SELECTOR = YES;
				GCC_WARN_UNINITIALIZED_AUTOS = YES_AGGRESSIVE;
				GCC_WARN_UNUSED_FUNCTION = YES;
				GCC_WARN_UNUSED_VARIABLE = YES;
				IPHONEOS_DEPLOYMENT_TARGET = 16.4;
				MTL_ENABLE_DEBUG_INFO = INCLUDE_SOURCE;
				MTL_FAST_MATH = YES;
				ONLY_ACTIVE_ARCH = YES;
				SDKROOT = iphoneos;
				SWIFT_ACTIVE_COMPILATION_CONDITIONS = DEBUG;
				SWIFT_OPTIMIZATION_LEVEL = "-Onone";
			};
			name = Debug;
		};
		845D52C82A9CCA27003C5963 /* Release */ = {
			isa = XCBuildConfiguration;
			buildSettings = {
				ALWAYS_SEARCH_USER_PATHS = NO;
				CLANG_ANALYZER_NONNULL = YES;
				CLANG_ANALYZER_NUMBER_OBJECT_CONVERSION = YES_AGGRESSIVE;
				CLANG_CXX_LANGUAGE_STANDARD = "gnu++20";
				CLANG_ENABLE_MODULES = YES;
				CLANG_ENABLE_OBJC_ARC = YES;
				CLANG_ENABLE_OBJC_WEAK = YES;
				CLANG_WARN_BLOCK_CAPTURE_AUTORELEASING = YES;
				CLANG_WARN_BOOL_CONVERSION = YES;
				CLANG_WARN_COMMA = YES;
				CLANG_WARN_CONSTANT_CONVERSION = YES;
				CLANG_WARN_DEPRECATED_OBJC_IMPLEMENTATIONS = YES;
				CLANG_WARN_DIRECT_OBJC_ISA_USAGE = YES_ERROR;
				CLANG_WARN_DOCUMENTATION_COMMENTS = YES;
				CLANG_WARN_EMPTY_BODY = YES;
				CLANG_WARN_ENUM_CONVERSION = YES;
				CLANG_WARN_INFINITE_RECURSION = YES;
				CLANG_WARN_INT_CONVERSION = YES;
				CLANG_WARN_NON_LITERAL_NULL_CONVERSION = YES;
				CLANG_WARN_OBJC_IMPLICIT_RETAIN_SELF = YES;
				CLANG_WARN_OBJC_LITERAL_CONVERSION = YES;
				CLANG_WARN_OBJC_ROOT_CLASS = YES_ERROR;
				CLANG_WARN_QUOTED_INCLUDE_IN_FRAMEWORK_HEADER = YES;
				CLANG_WARN_RANGE_LOOP_ANALYSIS = YES;
				CLANG_WARN_STRICT_PROTOTYPES = YES;
				CLANG_WARN_SUSPICIOUS_MOVE = YES;
				CLANG_WARN_UNGUARDED_AVAILABILITY = YES_AGGRESSIVE;
				CLANG_WARN_UNREACHABLE_CODE = YES;
				CLANG_WARN__DUPLICATE_METHOD_MATCH = YES;
				COPY_PHASE_STRIP = NO;
				DEBUG_INFORMATION_FORMAT = "dwarf-with-dsym";
				ENABLE_NS_ASSERTIONS = NO;
				ENABLE_STRICT_OBJC_MSGSEND = YES;
				GCC_C_LANGUAGE_STANDARD = gnu11;
				GCC_NO_COMMON_BLOCKS = YES;
				GCC_WARN_64_TO_32_BIT_CONVERSION = YES;
				GCC_WARN_ABOUT_RETURN_TYPE = YES_ERROR;
				GCC_WARN_UNDECLARED_SELECTOR = YES;
				GCC_WARN_UNINITIALIZED_AUTOS = YES_AGGRESSIVE;
				GCC_WARN_UNUSED_FUNCTION = YES;
				GCC_WARN_UNUSED_VARIABLE = YES;
				IPHONEOS_DEPLOYMENT_TARGET = 16.4;
				MTL_ENABLE_DEBUG_INFO = NO;
				MTL_FAST_MATH = YES;
				SDKROOT = iphoneos;
				SWIFT_COMPILATION_MODE = wholemodule;
				SWIFT_OPTIMIZATION_LEVEL = "-O";
				VALIDATE_PRODUCT = YES;
			};
			name = Release;
		};
		845D52CA2A9CCA27003C5963 /* Debug */ = {
			isa = XCBuildConfiguration;
			buildSettings = {
				ASSETCATALOG_COMPILER_ALTERNATE_APPICON_NAMES = "AppIcon-Campfire AppIcon-Backpack AppIcon-Camera AppIcon-Mushroom AppIcon-Map AppIcon-MagnifyingGlass";
				ASSETCATALOG_COMPILER_APPICON_NAME = AppIcon;
				ASSETCATALOG_COMPILER_GLOBAL_ACCENT_COLOR_NAME = AccentColor;
				ASSETCATALOG_COMPILER_INCLUDE_ALL_APPICON_ASSETS = YES;
				CODE_SIGN_STYLE = Automatic;
				CURRENT_PROJECT_VERSION = 1;
				DEVELOPMENT_ASSET_PATHS = "\"Hike/Preview Content\"";
				ENABLE_PREVIEWS = YES;
				GENERATE_INFOPLIST_FILE = YES;
				INFOPLIST_KEY_UIApplicationSceneManifest_Generation = YES;
				INFOPLIST_KEY_UIApplicationSupportsIndirectInputEvents = YES;
				INFOPLIST_KEY_UILaunchScreen_Generation = YES;
				INFOPLIST_KEY_UISupportedInterfaceOrientations_iPad = "UIInterfaceOrientationPortrait UIInterfaceOrientationPortraitUpsideDown UIInterfaceOrientationLandscapeLeft UIInterfaceOrientationLandscapeRight";
				INFOPLIST_KEY_UISupportedInterfaceOrientations_iPhone = "UIInterfaceOrientationPortrait UIInterfaceOrientationLandscapeLeft UIInterfaceOrientationLandscapeRight";
				LD_RUNPATH_SEARCH_PATHS = (
					"$(inherited)",
					"@executable_path/Frameworks",
				);
				MARKETING_VERSION = 1.0;
				PRODUCT_BUNDLE_IDENTIFIER = com.gurcankaynak.Hike;
				PRODUCT_NAME = "$(TARGET_NAME)";
				SWIFT_EMIT_LOC_STRINGS = YES;
				SWIFT_VERSION = 5.0;
				TARGETED_DEVICE_FAMILY = "1,2";
			};
			name = Debug;
		};
		845D52CB2A9CCA27003C5963 /* Release */ = {
			isa = XCBuildConfiguration;
			buildSettings = {
				ASSETCATALOG_COMPILER_ALTERNATE_APPICON_NAMES = "AppIcon-Campfire AppIcon-Backpack AppIcon-Camera AppIcon-Mushroom AppIcon-Map AppIcon-MagnifyingGlass";
				ASSETCATALOG_COMPILER_APPICON_NAME = AppIcon;
				ASSETCATALOG_COMPILER_GLOBAL_ACCENT_COLOR_NAME = AccentColor;
				ASSETCATALOG_COMPILER_INCLUDE_ALL_APPICON_ASSETS = YES;
				CODE_SIGN_STYLE = Automatic;
				CURRENT_PROJECT_VERSION = 1;
				DEVELOPMENT_ASSET_PATHS = "\"Hike/Preview Content\"";
				ENABLE_PREVIEWS = YES;
				GENERATE_INFOPLIST_FILE = YES;
				INFOPLIST_KEY_UIApplicationSceneManifest_Generation = YES;
				INFOPLIST_KEY_UIApplicationSupportsIndirectInputEvents = YES;
				INFOPLIST_KEY_UILaunchScreen_Generation = YES;
				INFOPLIST_KEY_UISupportedInterfaceOrientations_iPad = "UIInterfaceOrientationPortrait UIInterfaceOrientationPortraitUpsideDown UIInterfaceOrientationLandscapeLeft UIInterfaceOrientationLandscapeRight";
				INFOPLIST_KEY_UISupportedInterfaceOrientations_iPhone = "UIInterfaceOrientationPortrait UIInterfaceOrientationLandscapeLeft UIInterfaceOrientationLandscapeRight";
				LD_RUNPATH_SEARCH_PATHS = (
					"$(inherited)",
					"@executable_path/Frameworks",
				);
				MARKETING_VERSION = 1.0;
				PRODUCT_BUNDLE_IDENTIFIER = com.gurcankaynak.Hike;
				PRODUCT_NAME = "$(TARGET_NAME)";
				SWIFT_EMIT_LOC_STRINGS = YES;
				SWIFT_VERSION = 5.0;
				TARGETED_DEVICE_FAMILY = "1,2";
			};
			name = Release;
		};
/* End XCBuildConfiguration section */

/* Begin XCConfigurationList section */
		845D52B62A9CCA26003C5963 /* Build configuration list for PBXProject "Hike" */ = {
			isa = XCConfigurationList;
			buildConfigurations = (
				845D52C72A9CCA27003C5963 /* Debug */,
				845D52C82A9CCA27003C5963 /* Release */,
			);
			defaultConfigurationIsVisible = 0;
			defaultConfigurationName = Release;
		};
		845D52C92A9CCA27003C5963 /* Build configuration list for PBXNativeTarget "Hike" */ = {
			isa = XCConfigurationList;
			buildConfigurations = (
				845D52CA2A9CCA27003C5963 /* Debug */,
				845D52CB2A9CCA27003C5963 /* Release */,
			);
			defaultConfigurationIsVisible = 0;
			defaultConfigurationName = Release;
		};
/* End XCConfigurationList section */
	};
	rootObject = 845D52B32A9CCA26003C5963 /* Project object */;
}
